
Microsoft Visual Studio Solution File, Format Version 12.00
# Visual Studio Version 17
VisualStudioVersion = 17.5.33530.505
MinimumVisualStudioVersion = 10.0.40219.1
Project("{FAE04EC0-301F-11D3-BF4B-00C04F79EFBC}") = "CrmPackage", "CrmPackage\CrmPackage.csproj", "{238E2AE8-B3A8-4D23-83E0-CA7086B014B8}"
	ProjectSection(ProjectDependencies) = postProject
		{D6B081D9-31E1-4DDE-8302-28FBFEB5F243} = {D6B081D9-31E1-4DDE-8302-28FBFEB5F243}
	EndProjectSection
EndProject
Project("{FAE04EC0-301F-11D3-BF4B-00C04F79EFBC}") = "RTStoryTimeSlides", "RTStoryTimeSlides\RTStoryTimeSlides.csproj", "{D6B081D9-31E1-4DDE-8302-28FBFEB5F243}"
EndProject
Global
	GlobalSection(SolutionConfigurationPlatforms) = preSolution
		Debug|Any CPU = Debug|Any CPU
		Release|Any CPU = Release|Any CPU
	EndGlobalSection
	GlobalSection(ProjectConfigurationPlatforms) = postSolution
		{238E2AE8-B3A8-4D23-83E0-CA7086B014B8}.Debug|Any CPU.ActiveCfg = Debug|Any CPU
		{238E2AE8-B3A8-4D23-83E0-CA7086B014B8}.Debug|Any CPU.Build.0 = Debug|Any CPU
		{238E2AE8-B3A8-4D23-83E0-CA7086B014B8}.Debug|Any CPU.Deploy.0 = Debug|Any CPU
		{238E2AE8-B3A8-4D23-83E0-CA7086B014B8}.Release|Any CPU.ActiveCfg = Release|Any CPU
		{238E2AE8-B3A8-4D23-83E0-CA7086B014B8}.Release|Any CPU.Build.0 = Release|Any CPU
		{238E2AE8-B3A8-4D23-83E0-CA7086B014B8}.Release|Any CPU.Deploy.0 = Release|Any CPU
		{D6B081D9-31E1-4DDE-8302-28FBFEB5F243}.Debug|Any CPU.ActiveCfg = Debug|Any CPU
		{D6B081D9-31E1-4DDE-8302-28FBFEB5F243}.Debug|Any CPU.Build.0 = Debug|Any CPU
		{D6B081D9-31E1-4DDE-8302-28FBFEB5F243}.Release|Any CPU.ActiveCfg = Release|Any CPU
		{D6B081D9-31E1-4DDE-8302-28FBFEB5F243}.Release|Any CPU.Build.0 = Release|Any CPU
	EndGlobalSection
	GlobalSection(SolutionProperties) = preSolution
		HideSolutionNode = FALSE
	EndGlobalSection
	GlobalSection(ExtensibilityGlobals) = postSolution
		SolutionGuid = {7F354C88-D19A-42A2-AC15-3064F8F3D485}
	EndGlobalSection
	GlobalSection(CRMSolutionProperties) = preSolution
		SolutionIsBoundToCRM = True
	EndGlobalSection
EndGlobal
